
Microsoft Visual Studio Solution File, Format Version 12.00
# Visual Studio Version 17
VisualStudioVersion = 17.10.34928.147
MinimumVisualStudioVersion = 10.0.40219.1
Project("{FAE04EC0-301F-11D3-BF4B-00C04F79EFBC}") = "MakineOdev", "MakineOdev\MakineOdev.csproj", "{AD2F7F80-9F90-4F0A-9D01-B7C2A5B77F24}"
EndProject
Global
	GlobalSection(SolutionConfigurationPlatforms) = preSolution
		Debug|Any CPU = Debug|Any CPU
		Release|Any CPU = Release|Any CPU
	EndGlobalSection
	GlobalSection(ProjectConfigurationPlatforms) = postSolution
		{AD2F7F80-9F90-4F0A-9D01-B7C2A5B77F24}.Debug|Any CPU.ActiveCfg = Debug|Any CPU
		{AD2F7F80-9F90-4F0A-9D01-B7C2A5B77F24}.Debug|Any CPU.Build.0 = Debug|Any CPU
		{AD2F7F80-9F90-4F0A-9D01-B7C2A5B77F24}.Release|Any CPU.ActiveCfg = Release|Any CPU
		{AD2F7F80-9F90-4F0A-9D01-B7C2A5B77F24}.Release|Any CPU.Build.0 = Release|Any CPU
	EndGlobalSection
	GlobalSection(SolutionProperties) = preSolution
		HideSolutionNode = FALSE
	EndGlobalSection
	GlobalSection(ExtensibilityGlobals) = postSolution
		SolutionGuid = {57C77D30-02A5-4301-95F9-39E27EBECFF1}
	EndGlobalSection
EndGlobal
